
Microsoft Visual Studio Solution File, Format Version 12.00
# Visual Studio Version 17
VisualStudioVersion = 17.10.34928.147
MinimumVisualStudioVersion = 10.0.40219.1
Project("{FAE04EC0-301F-11D3-BF4B-00C04F79EFBC}") = "Frontend-WebApp", "Frontend-WebApp\Frontend-WebApp\Frontend-WebApp.csproj", "{36B0DEF1-A011-4BA7-8F40-C0695A609083}"
EndProject
Project("{FAE04EC0-301F-11D3-BF4B-00C04F79EFBC}") = "Frontend-WebApp.Client", "Frontend-WebApp\Frontend-WebApp.Client\Frontend-WebApp.Client.csproj", "{58099EE8-E02A-476C-83D4-2B46C898E060}"
EndProject
Global
	GlobalSection(SolutionConfigurationPlatforms) = preSolution
		Debug|Any CPU = Debug|Any CPU
		Release|Any CPU = Release|Any CPU
	EndGlobalSection
	GlobalSection(ProjectConfigurationPlatforms) = postSolution
		{36B0DEF1-A011-4BA7-8F40-C0695A609083}.Debug|Any CPU.ActiveCfg = Debug|Any CPU
		{36B0DEF1-A011-4BA7-8F40-C0695A609083}.Debug|Any CPU.Build.0 = Debug|Any CPU
		{36B0DEF1-A011-4BA7-8F40-C0695A609083}.Release|Any CPU.ActiveCfg = Release|Any CPU
		{36B0DEF1-A011-4BA7-8F40-C0695A609083}.Release|Any CPU.Build.0 = Release|Any CPU
		{58099EE8-E02A-476C-83D4-2B46C898E060}.Debug|Any CPU.ActiveCfg = Debug|Any CPU
		{58099EE8-E02A-476C-83D4-2B46C898E060}.Debug|Any CPU.Build.0 = Debug|Any CPU
		{58099EE8-E02A-476C-83D4-2B46C898E060}.Release|Any CPU.ActiveCfg = Release|Any CPU
		{58099EE8-E02A-476C-83D4-2B46C898E060}.Release|Any CPU.Build.0 = Release|Any CPU
	EndGlobalSection
	GlobalSection(SolutionProperties) = preSolution
		HideSolutionNode = FALSE
	EndGlobalSection
	GlobalSection(ExtensibilityGlobals) = postSolution
		SolutionGuid = {73BB320F-52E1-4085-8276-49278F534541}
	EndGlobalSection
EndGlobal
